
Microsoft Visual Studio Solution File, Format Version 12.00
# Visual Studio Version 16
VisualStudioVersion = 16.0.29324.140
MinimumVisualStudioVersion = 10.0.40219.1
Project("{8BC9CEB8-8B4A-11D0-8D11-00A0C91BC942}") = "BUG", "BUG\BUG.vcxproj", "{AFCDEDD7-54E5-4F52-AE1F-E3CD4C36F7AE}"
EndProject
Global
	GlobalSection(SolutionConfigurationPlatforms) = preSolution
		Debug|x64 = Debug|x64
		Debug|x86 = Debug|x86
		Release|x64 = Release|x64
		Release|x86 = Release|x86
	EndGlobalSection
	GlobalSection(ProjectConfigurationPlatforms) = postSolution
		{AFCDEDD7-54E5-4F52-AE1F-E3CD4C36F7AE}.Debug|x64.ActiveCfg = Debug|x64
		{AFCDEDD7-54E5-4F52-AE1F-E3CD4C36F7AE}.Debug|x64.Build.0 = Debug|x64
		{AFCDEDD7-54E5-4F52-AE1F-E3CD4C36F7AE}.Debug|x86.ActiveCfg = Debug|Win32
		{AFCDEDD7-54E5-4F52-AE1F-E3CD4C36F7AE}.Debug|x86.Build.0 = Debug|Win32
		{AFCDEDD7-54E5-4F52-AE1F-E3CD4C36F7AE}.Release|x64.ActiveCfg = Release|x64
		{AFCDEDD7-54E5-4F52-AE1F-E3CD4C36F7AE}.Release|x64.Build.0 = Release|x64
		{AFCDEDD7-54E5-4F52-AE1F-E3CD4C36F7AE}.Release|x86.ActiveCfg = Release|Win32
		{AFCDEDD7-54E5-4F52-AE1F-E3CD4C36F7AE}.Release|x86.Build.0 = Release|Win32
	EndGlobalSection
	GlobalSection(SolutionProperties) = preSolution
		HideSolutionNode = FALSE
	EndGlobalSection
	GlobalSection(ExtensibilityGlobals) = postSolution
		SolutionGuid = {20085685-8409-4EA7-AA6A-D95499501A37}
	EndGlobalSection
EndGlobal
